{
  "name": "sport-athlete-management-app",
  "version": "0.1.0",
  "lockfileVersion": 3,
  "requires": true,
  "packages": {
    "": {
      "name": "sport-athlete-management-app",
      "version": "0.1.0",
      "dependencies": {
        "@garmin/fitsdk": "21.213.0",
        "postgres": "^3.4.9"
      },
      "engines": {
        "node": ">=22 <23"
      }
    },
    "node_modules/@garmin/fitsdk": {
      "version": "21.213.0",
      "resolved": "https://registry.npmjs.org/@garmin/fitsdk/-/fitsdk-21.213.0.tgz",
      "license": "SEE LICENSE IN LICENSE.txt",
      "engines": {
        "node": ">=14.0.0"
      }
    },
    "node_modules/postgres": {
      "version": "3.4.9",
      "resolved": "https://registry.npmjs.org/postgres/-/postgres-3.4.9.tgz",
      "integrity": "sha512-GD3qdB0x1z9xgFI6cdRD6xu2Sp2WCOEoe3mtnyB5Ee0XrrL5Pe+e4CCnJrRMnL1zYtRDZmQQVbvOttLnKDLnaw==",
      "license": "Unlicense",
      "engines": {
        "node": ">=12"
      },
      "funding": {
        "type": "individual",
        "url": "https://github.com/sponsors/porsager"
      }
    }
  }
}
